<?xml version="1.0" encoding="utf-8"?>
<Project ToolsVersion="4.0" xmlns="http://schemas.microsoft.com/developer/msbuild/2003">
  <ItemGroup>
    <Filter Include="src">
      <UniqueIdentifier>{b593bbab-b10b-4766-aa91-995844958179}</UniqueIdentifier>
    </Filter>
    <Filter Include="src\util">
      <UniqueIdentifier>{838d07de-5f8b-40ea-97b2-834a6147faef}</UniqueIdentifier>
    </Filter>
    <Filter Include="src\util\sha1">
      <UniqueIdentifier>{a10204a8-f146-48fe-9291-1a97f0f20d39}</UniqueIdentifier>
    </Filter>
    <Filter Include="src\win32">
      <UniqueIdentifier>{39d93040-54b1-4726-8e12-b66a1d2d978a}</UniqueIdentifier>
    </Filter>
  </ItemGroup>
  <ItemGroup>
    <ClInclude Include="..\..\..\src\util\bitset.h">
      <Filter>src\util</Filter>
    </ClInclude>
    <ClInclude Include="..\..\..\src\util\build_id.h">
      <Filter>src\util</Filter>
    </ClInclude>
    <ClInclude Include="..\..\..\src\util\crc32.h">
      <Filter>src\util</Filter>
    </ClInclude>
    <ClInclude Include="..\..\..\src\util\dag.h">
      <Filter>src\util</Filter>
    </ClInclude>
    <ClInclude Include="..\..\..\src\util\debug.h">
      <Filter>src\util</Filter>
    </ClInclude>
    <ClInclude Include="..\..\..\src\util\detect_os.h">
      <Filter>src\util</Filter>
    </ClInclude>
    <ClInclude Include="..\..\..\src\util\disk_cache.h">
      <Filter>src\util</Filter>
    </ClInclude>
    <ClInclude Include="..\..\..\src\util\fast_idiv_by_const.h">
      <Filter>src\util</Filter>
    </ClInclude>
    <ClInclude Include="..\..\..\src\util\fast_urem_by_const.h">
      <Filter>src\util</Filter>
    </ClInclude>
    <ClInclude Include="..\..\..\src\util\format_r11g11b10f.h">
      <Filter>src\util</Filter>
    </ClInclude>
    <ClInclude Include="..\..\..\src\util\format_rgb9e5.h">
      <Filter>src\util</Filter>
    </ClInclude>
    <ClInclude Include="..\..\..\src\util\format_srgb.h">
      <Filter>src\util</Filter>
    </ClInclude>
    <ClInclude Include="..\..\..\src\util\futex.h">
      <Filter>src\util</Filter>
    </ClInclude>
    <ClInclude Include="..\..\..\src\util\half_float.h">
      <Filter>src\util</Filter>
    </ClInclude>
    <ClInclude Include="..\..\..\src\util\hash_table.h">
      <Filter>src\util</Filter>
    </ClInclude>
    <ClInclude Include="..\..\..\src\util\list.h">
      <Filter>src\util</Filter>
    </ClInclude>
    <ClInclude Include="..\..\..\src\util\macros.h">
      <Filter>src\util</Filter>
    </ClInclude>
    <ClInclude Include="..\..\..\src\util\mesa-sha1.h">
      <Filter>src\util</Filter>
    </ClInclude>
    <ClInclude Include="..\..\..\src\util\os_file.h">
      <Filter>src\util</Filter>
    </ClInclude>
    <ClInclude Include="..\..\..\src\util\os_memory.h">
      <Filter>src\util</Filter>
    </ClInclude>
    <ClInclude Include="..\..\..\src\util\os_memory_aligned.h">
      <Filter>src\util</Filter>
    </ClInclude>
    <ClInclude Include="..\..\..\src\util\os_memory_debug.h">
      <Filter>src\util</Filter>
    </ClInclude>
    <ClInclude Include="..\..\..\src\util\os_memory_stdc.h">
      <Filter>src\util</Filter>
    </ClInclude>
    <ClInclude Include="..\..\..\src\util\os_misc.h">
      <Filter>src\util</Filter>
    </ClInclude>
    <ClInclude Include="..\..\..\src\util\os_time.h">
      <Filter>src\util</Filter>
    </ClInclude>
    <ClInclude Include="..\..\..\src\util\ralloc.h">
      <Filter>src\util</Filter>
    </ClInclude>
    <ClInclude Include="..\..\..\src\util\rand_xor.h">
      <Filter>src\util</Filter>
    </ClInclude>
    <ClInclude Include="..\..\..\src\util\rb_tree.h">
      <Filter>src\util</Filter>
    </ClInclude>
    <ClInclude Include="..\..\..\src\util\register_allocate.h">
      <Filter>src\util</Filter>
    </ClInclude>
    <ClInclude Include="..\..\..\src\util\rgtc.h">
      <Filter>src\util</Filter>
    </ClInclude>
    <ClInclude Include="..\..\..\src\util\rounding.h">
      <Filter>src\util</Filter>
    </ClInclude>
    <ClInclude Include="..\..\..\src\util\set.h">
      <Filter>src\util</Filter>
    </ClInclude>
    <ClInclude Include="..\..\..\src\util\simple_list.h">
      <Filter>src\util</Filter>
    </ClInclude>
    <ClInclude Include="..\..\..\src\util\simple_mtx.h">
      <Filter>src\util</Filter>
    </ClInclude>
    <ClInclude Include="..\..\..\src\util\slab.h">
      <Filter>src\util</Filter>
    </ClInclude>
    <ClInclude Include="..\..\..\src\util\string_buffer.h">
      <Filter>src\util</Filter>
    </ClInclude>
    <ClInclude Include="..\..\..\src\util\strndup.h">
      <Filter>src\util</Filter>
    </ClInclude>
    <ClInclude Include="..\..\..\src\util\strtod.h">
      <Filter>src\util</Filter>
    </ClInclude>
    <ClInclude Include="..\..\..\src\util\texcompress_rgtc_tmp.h">
      <Filter>src\util</Filter>
    </ClInclude>
    <ClInclude Include="..\..\..\src\util\timespec.h">
      <Filter>src\util</Filter>
    </ClInclude>
    <ClInclude Include="..\..\..\src\util\u_atomic.h">
      <Filter>src\util</Filter>
    </ClInclude>
    <ClInclude Include="..\..\..\src\util\u_cpu_detect.h">
      <Filter>src\util</Filter>
    </ClInclude>
    <ClInclude Include="..\..\..\src\util\u_debug.h">
      <Filter>src\util</Filter>
    </ClInclude>
    <ClInclude Include="..\..\..\src\util\u_drm.h">
      <Filter>src\util</Filter>
    </ClInclude>
    <ClInclude Include="..\..\..\src\util\u_dynarray.h">
      <Filter>src\util</Filter>
    </ClInclude>
    <ClInclude Include="..\..\..\src\util\u_endian.h">
      <Filter>src\util</Filter>
    </ClInclude>
    <ClInclude Include="..\..\..\src\util\u_math.h">
      <Filter>src\util</Filter>
    </ClInclude>
    <ClInclude Include="..\..\..\src\util\u_memory.h">
      <Filter>src\util</Filter>
    </ClInclude>
    <ClInclude Include="..\..\..\src\util\u_process.h">
      <Filter>src\util</Filter>
    </ClInclude>
    <ClInclude Include="..\..\..\src\util\u_queue.h">
      <Filter>src\util</Filter>
    </ClInclude>
    <ClInclude Include="..\..\..\src\util\u_string.h">
      <Filter>src\util</Filter>
    </ClInclude>
    <ClInclude Include="..\..\..\src\util\u_thread.h">
      <Filter>src\util</Filter>
    </ClInclude>
    <ClInclude Include="..\..\..\src\util\u_vector.h">
      <Filter>src\util</Filter>
    </ClInclude>
    <ClInclude Include="..\..\..\src\util\vma.h">
      <Filter>src\util</Filter>
    </ClInclude>
    <ClInclude Include="..\..\..\src\util\xmlconfig.h">
      <Filter>src\util</Filter>
    </ClInclude>
    <ClInclude Include="..\..\..\src\util\xmlpool.h">
      <Filter>src\util</Filter>
    </ClInclude>
    <ClInclude Include="..\..\..\src\util\bigmath.h">
      <Filter>src\util</Filter>
    </ClInclude>
    <ClInclude Include="..\..\..\src\util\bitscan.h">
      <Filter>src\util</Filter>
    </ClInclude>
    <ClInclude Include="..\..\..\src\util\sha1\sha1.h">
      <Filter>src\util\sha1</Filter>
    </ClInclude>
    <ClInclude Include="..\..\..\src\win32\win32_compat.h">
      <Filter>src\win32</Filter>
    </ClInclude>
  </ItemGroup>
  <ItemGroup>
    <ClCompile Include="..\..\..\src\util\bitset_test.cpp">
      <Filter>src\util</Filter>
    </ClCompile>
    <ClCompile Include="..\..\..\src\util\build_id.c">
      <Filter>src\util</Filter>
    </ClCompile>
    <ClCompile Include="..\..\..\src\util\crc32.c">
      <Filter>src\util</Filter>
    </ClCompile>
    <ClCompile Include="..\..\..\src\util\dag.c">
      <Filter>src\util</Filter>
    </ClCompile>
    <ClCompile Include="..\..\..\src\util\debug.c">
      <Filter>src\util</Filter>
    </ClCompile>
    <ClCompile Include="..\..\..\src\util\disk_cache.c">
      <Filter>src\util</Filter>
    </ClCompile>
    <ClCompile Include="..\..\..\src\util\fast_idiv_by_const.c">
      <Filter>src\util</Filter>
    </ClCompile>
    <ClCompile Include="..\..\..\src\util\half_float.c">
      <Filter>src\util</Filter>
    </ClCompile>
    <ClCompile Include="..\..\..\src\util\hash_table.c">
      <Filter>src\util</Filter>
    </ClCompile>
    <ClCompile Include="..\..\..\src\util\mesa-sha1.c">
      <Filter>src\util</Filter>
    </ClCompile>
    <ClCompile Include="..\..\..\src\util\mesa-sha1_test.c">
      <Filter>src\util</Filter>
    </ClCompile>
    <ClCompile Include="..\..\..\src\util\os_file.c">
      <Filter>src\util</Filter>
    </ClCompile>
    <ClCompile Include="..\..\..\src\util\os_misc.c">
      <Filter>src\util</Filter>
    </ClCompile>
    <ClCompile Include="..\..\..\src\util\os_time.c">
      <Filter>src\util</Filter>
    </ClCompile>
    <ClCompile Include="..\..\..\src\util\ralloc.c">
      <Filter>src\util</Filter>
    </ClCompile>
    <ClCompile Include="..\..\..\src\util\rand_xor.c">
      <Filter>src\util</Filter>
    </ClCompile>
    <ClCompile Include="..\..\..\src\util\rb_tree.c">
      <Filter>src\util</Filter>
    </ClCompile>
    <ClCompile Include="..\..\..\src\util\register_allocate.c">
      <Filter>src\util</Filter>
    </ClCompile>
    <ClCompile Include="..\..\..\src\util\rgtc.c">
      <Filter>src\util</Filter>
    </ClCompile>
    <ClCompile Include="..\..\..\src\util\roundeven_test.c">
      <Filter>src\util</Filter>
    </ClCompile>
    <ClCompile Include="..\..\..\src\util\set.c">
      <Filter>src\util</Filter>
    </ClCompile>
    <ClCompile Include="..\..\..\src\util\slab.c">
      <Filter>src\util</Filter>
    </ClCompile>
    <ClCompile Include="..\..\..\src\util\string_buffer.c">
      <Filter>src\util</Filter>
    </ClCompile>
    <ClCompile Include="..\..\..\src\util\strtod.c">
      <Filter>src\util</Filter>
    </ClCompile>
    <ClCompile Include="..\..\..\src\util\u_atomic.c">
      <Filter>src\util</Filter>
    </ClCompile>
    <ClCompile Include="..\..\..\src\util\u_atomic_test.c">
      <Filter>src\util</Filter>
    </ClCompile>
    <ClCompile Include="..\..\..\src\util\u_cpu_detect.c">
      <Filter>src\util</Filter>
    </ClCompile>
    <ClCompile Include="..\..\..\src\util\u_debug.c">
      <Filter>src\util</Filter>
    </ClCompile>
    <ClCompile Include="..\..\..\src\util\u_math.c">
      <Filter>src\util</Filter>
    </ClCompile>
    <ClCompile Include="..\..\..\src\util\u_process.c">
      <Filter>src\util</Filter>
    </ClCompile>
    <ClCompile Include="..\..\..\src\util\u_queue.c">
      <Filter>src\util</Filter>
    </ClCompile>
    <ClCompile Include="..\..\..\src\util\u_vector.c">
      <Filter>src\util</Filter>
    </ClCompile>
    <ClCompile Include="..\..\..\src\util\vma.c">
      <Filter>src\util</Filter>
    </ClCompile>
    <ClCompile Include="..\..\..\src\util\xmlconfig.c">
      <Filter>src\util</Filter>
    </ClCompile>
    <ClCompile Include="..\..\..\src\util\bitscan.c">
      <Filter>src\util</Filter>
    </ClCompile>
    <ClCompile Include="..\..\..\src\util\sha1\sha1.c">
      <Filter>src\util\sha1</Filter>
    </ClCompile>
    <ClCompile Include="..\..\..\src\util\format_srgb.c">
      <Filter>src\util</Filter>
    </ClCompile>
    <ClCompile Include="..\..\..\src\win32\win32_compat.c">
      <Filter>src\win32</Filter>
    </ClCompile>
  </ItemGroup>
  <ItemGroup>
    <None Include="..\..\..\src\util\sha1\README">
      <Filter>src\util\sha1</Filter>
    </None>
  </ItemGroup>
  <ItemGroup>
    <CustomBuild Include="..\..\..\src\util\format_srgb.py">
      <Filter>src\util</Filter>
    </CustomBuild>
  </ItemGroup>
</Project>