<?xml version="1.0" encoding="utf-8"?>
<Project ToolsVersion="4.0" xmlns="http://schemas.microsoft.com/developer/msbuild/2003">
  <ItemGroup>
    <Filter Include="src">
      <UniqueIdentifier>{235f8dbc-7bf2-47d1-80cf-132984690e49}</UniqueIdentifier>
    </Filter>
    <Filter Include="src\mesa">
      <UniqueIdentifier>{a87e4096-fe34-4bce-94d6-28240c9a5a13}</UniqueIdentifier>
    </Filter>
    <Filter Include="src\mesa\main">
      <UniqueIdentifier>{c5d00cf2-8904-4432-b04a-33402cedfef0}</UniqueIdentifier>
    </Filter>
    <Filter Include="src\mesa\program">
      <UniqueIdentifier>{5b794701-aaa2-4ed6-80f7-027f789fc08b}</UniqueIdentifier>
    </Filter>
  </ItemGroup>
  <ItemGroup>
    <ClCompile Include="..\..\..\src\mesa\main\extensions_table.c">
      <Filter>src\mesa\main</Filter>
    </ClCompile>
    <ClCompile Include="..\..\..\src\mesa\main\imports.c">
      <Filter>src\mesa\main</Filter>
    </ClCompile>
    <ClCompile Include="..\..\..\src\mesa\program\prog_parameter.c">
      <Filter>src\mesa\program</Filter>
    </ClCompile>
    <ClCompile Include="..\..\..\src\mesa\program\symbol_table.c">
      <Filter>src\mesa\program</Filter>
    </ClCompile>
    <ClCompile Include="..\..\..\src\mesa\program\dummy_errors.c">
      <Filter>src\mesa\program</Filter>
    </ClCompile>
  </ItemGroup>
</Project>