<?xml version="1.0" encoding="utf-8"?>
<Project ToolsVersion="4.0" xmlns="http://schemas.microsoft.com/developer/msbuild/2003">
  <ItemGroup>
    <Filter Include="src">
      <UniqueIdentifier>{832cb74b-5c98-4dcd-abd2-c91dd996f6fa}</UniqueIdentifier>
    </Filter>
    <Filter Include="src\gallium">
      <UniqueIdentifier>{ff2cf412-b719-40db-be3f-203b5f44ef48}</UniqueIdentifier>
    </Filter>
    <Filter Include="src\gallium\drivers">
      <UniqueIdentifier>{b3460980-f085-401d-bc86-52f37e1c1ae6}</UniqueIdentifier>
    </Filter>
    <Filter Include="src\gallium\drivers\nouveau">
      <UniqueIdentifier>{1e0043d9-1fdc-485e-b99f-a08e0d8f9ebd}</UniqueIdentifier>
    </Filter>
    <Filter Include="src\gallium\drivers\nouveau\codegen">
      <UniqueIdentifier>{d3953426-3d2e-42c2-b8e0-b53b4e67996c}</UniqueIdentifier>
    </Filter>
    <Filter Include="src\gallium\drivers\nouveau\nv50">
      <UniqueIdentifier>{4060d6ab-f6cd-4a74-9b28-733b0920811d}</UniqueIdentifier>
    </Filter>
    <Filter Include="src\gallium\drivers\nouveau\nv0">
      <UniqueIdentifier>{4bd69f42-d4f3-45f1-b65d-20b78c4278a5}</UniqueIdentifier>
    </Filter>
    <Filter Include="src\gallium\drivers\nouveau\nv30">
      <UniqueIdentifier>{72bbc28a-198a-431e-953e-c082aa509db2}</UniqueIdentifier>
    </Filter>
  </ItemGroup>
  <ItemGroup>
    <ClCompile Include="..\..\..\src\gallium\drivers\nouveau\nouveau_compiler.c">
      <Filter>src\gallium\drivers\nouveau</Filter>
    </ClCompile>
  </ItemGroup>
</Project>